
Microsoft Visual Studio Solution File, Format Version 12.00
# Visual Studio 15
VisualStudioVersion = 15.0.28307.438
MinimumVisualStudioVersion = 10.0.40219.1
Project("{FAE04EC0-301F-11D3-BF4B-00C04F79EFBC}") = "QMessage", "QMessage\QMessage.csproj", "{F5E3FB11-F4C4-4476-AF74-317949A03035}"
EndProject
Project("{FAE04EC0-301F-11D3-BF4B-00C04F79EFBC}") = "QMessage.Tests", "QMessage.Tests\QMessage.Tests.csproj", "{C616F39E-DE01-4C33-9E04-9E5D45118291}"
EndProject
Global
	GlobalSection(SolutionConfigurationPlatforms) = preSolution
		Debug|Any CPU = Debug|Any CPU
		Release|Any CPU = Release|Any CPU
	EndGlobalSection
	GlobalSection(ProjectConfigurationPlatforms) = postSolution
		{F5E3FB11-F4C4-4476-AF74-317949A03035}.Debug|Any CPU.ActiveCfg = Debug|Any CPU
		{F5E3FB11-F4C4-4476-AF74-317949A03035}.Debug|Any CPU.Build.0 = Debug|Any CPU
		{F5E3FB11-F4C4-4476-AF74-317949A03035}.Release|Any CPU.ActiveCfg = Release|Any CPU
		{F5E3FB11-F4C4-4476-AF74-317949A03035}.Release|Any CPU.Build.0 = Release|Any CPU
		{C616F39E-DE01-4C33-9E04-9E5D45118291}.Debug|Any CPU.ActiveCfg = Debug|Any CPU
		{C616F39E-DE01-4C33-9E04-9E5D45118291}.Debug|Any CPU.Build.0 = Debug|Any CPU
		{C616F39E-DE01-4C33-9E04-9E5D45118291}.Release|Any CPU.ActiveCfg = Release|Any CPU
		{C616F39E-DE01-4C33-9E04-9E5D45118291}.Release|Any CPU.Build.0 = Release|Any CPU
	EndGlobalSection
	GlobalSection(SolutionProperties) = preSolution
		HideSolutionNode = FALSE
	EndGlobalSection
	GlobalSection(ExtensibilityGlobals) = postSolution
		SolutionGuid = {634BDEB6-5A47-49AD-9CD2-F5BE9D63FFA6}
	EndGlobalSection
EndGlobal
